
Microsoft Visual Studio Solution File, Format Version 12.00
# Visual Studio Version 16
VisualStudioVersion = 16.0.33423.256
MinimumVisualStudioVersion = 10.0.40219.1
Project("{FAE04EC0-301F-11D3-BF4B-00C04F79EFBC}") = "DAL_Revision_Respaldos", "DAL_Revision_Respaldos\DAL_Revision_Respaldos.csproj", "{2C38F711-29E1-458D-B3B8-A6F3221B5CE9}"
EndProject
Project("{FAE04EC0-301F-11D3-BF4B-00C04F79EFBC}") = "BLL_Revision_Respaldos", "BLL_Revision_Respaldos\BLL_Revision_Respaldos.csproj", "{C7DD8D89-4864-4796-96E8-48A86AB3D290}"
EndProject
Project("{FAE04EC0-301F-11D3-BF4B-00C04F79EFBC}") = "UI_Revision_Respaldos", "UI_Revision_Respaldos\UI_Revision_Respaldos.csproj", "{9DC9221A-88D6-428D-88F0-BCC777DF5FF5}"
EndProject
Global
	GlobalSection(SolutionConfigurationPlatforms) = preSolution
		Debug|Any CPU = Debug|Any CPU
		Release|Any CPU = Release|Any CPU
	EndGlobalSection
	GlobalSection(ProjectConfigurationPlatforms) = postSolution
		{2C38F711-29E1-458D-B3B8-A6F3221B5CE9}.Debug|Any CPU.ActiveCfg = Debug|Any CPU
		{2C38F711-29E1-458D-B3B8-A6F3221B5CE9}.Debug|Any CPU.Build.0 = Debug|Any CPU
		{2C38F711-29E1-458D-B3B8-A6F3221B5CE9}.Release|Any CPU.ActiveCfg = Release|Any CPU
		{2C38F711-29E1-458D-B3B8-A6F3221B5CE9}.Release|Any CPU.Build.0 = Release|Any CPU
		{C7DD8D89-4864-4796-96E8-48A86AB3D290}.Debug|Any CPU.ActiveCfg = Debug|Any CPU
		{C7DD8D89-4864-4796-96E8-48A86AB3D290}.Debug|Any CPU.Build.0 = Debug|Any CPU
		{C7DD8D89-4864-4796-96E8-48A86AB3D290}.Release|Any CPU.ActiveCfg = Release|Any CPU
		{C7DD8D89-4864-4796-96E8-48A86AB3D290}.Release|Any CPU.Build.0 = Release|Any CPU
		{9DC9221A-88D6-428D-88F0-BCC777DF5FF5}.Debug|Any CPU.ActiveCfg = Debug|Any CPU
		{9DC9221A-88D6-428D-88F0-BCC777DF5FF5}.Debug|Any CPU.Build.0 = Debug|Any CPU
		{9DC9221A-88D6-428D-88F0-BCC777DF5FF5}.Release|Any CPU.ActiveCfg = Release|Any CPU
		{9DC9221A-88D6-428D-88F0-BCC777DF5FF5}.Release|Any CPU.Build.0 = Release|Any CPU
	EndGlobalSection
	GlobalSection(SolutionProperties) = preSolution
		HideSolutionNode = FALSE
	EndGlobalSection
	GlobalSection(ExtensibilityGlobals) = postSolution
		SolutionGuid = {0E61A45F-18DE-407E-9C25-ED4FE0E0D613}
	EndGlobalSection
EndGlobal
